// !$*UTF8*$!
{
	archiveVersion = 1;
	classes = {
	};
	objectVersion = 56;
	objects = {

/* Begin PBXBuildFile section */
		0D44FFFA2B66C7C600FFEF0E /* WishEventCreationViewController.swift in Sources */ = {isa = PBXBuildFile; fileRef = 0D44FFF92B66C7C600FFEF0E /* WishEventCreationViewController.swift */; };
		0DE129882B656A1900F5429D /* WrittenWishCell.swift in Sources */ = {isa = PBXBuildFile; fileRef = 0DE129872B656A1900F5429D /* WrittenWishCell.swift */; };
		0DE1298A2B656A2900F5429D /* WishStoringViewController.swift in Sources */ = {isa = PBXBuildFile; fileRef = 0DE129892B656A2900F5429D /* WishStoringViewController.swift */; };
		0DE1298C2B656A3B00F5429D /* WishMakerViewController.swift in Sources */ = {isa = PBXBuildFile; fileRef = 0DE1298B2B656A3B00F5429D /* WishMakerViewController.swift */; };
		0DE1298E2B656A4900F5429D /* WishEventModel.swift in Sources */ = {isa = PBXBuildFile; fileRef = 0DE1298D2B656A4900F5429D /* WishEventModel.swift */; };
		0DE129902B656A5C00F5429D /* WishEventCell.swift in Sources */ = {isa = PBXBuildFile; fileRef = 0DE1298F2B656A5C00F5429D /* WishEventCell.swift */; };
		0DE129922B656A6F00F5429D /* WishCalendarViewController.swift in Sources */ = {isa = PBXBuildFile; fileRef = 0DE129912B656A6F00F5429D /* WishCalendarViewController.swift */; };
		0DE129942B656A8A00F5429D /* UIViewPin.swift in Sources */ = {isa = PBXBuildFile; fileRef = 0DE129932B656A8A00F5429D /* UIViewPin.swift */; };
		0DE129962B656A9F00F5429D /* SceneDelegate.swift in Sources */ = {isa = PBXBuildFile; fileRef = 0DE129952B656A9F00F5429D /* SceneDelegate.swift */; };
		0DE129982B656AAD00F5429D /* CustomSlider.swift in Sources */ = {isa = PBXBuildFile; fileRef = 0DE129972B656AAD00F5429D /* CustomSlider.swift */; };
		0DE1299A2B656ABC00F5429D /* Constants.swift in Sources */ = {isa = PBXBuildFile; fileRef = 0DE129992B656ABC00F5429D /* Constants.swift */; };
		0DE1299E2B656D2A00F5429D /* SFMono-Regular.otf in Resources */ = {isa = PBXBuildFile; fileRef = 0DE1299D2B656D2900F5429D /* SFMono-Regular.otf */; };
		83D2BA782B63EE2100E8908D /* AppDelegate.swift in Sources */ = {isa = PBXBuildFile; fileRef = 83D2BA772B63EE2100E8908D /* AppDelegate.swift */; };
		83D2BA812B63EE2600E8908D /* Assets.xcassets in Resources */ = {isa = PBXBuildFile; fileRef = 83D2BA802B63EE2600E8908D /* Assets.xcassets */; };
		83D2BA842B63EE2600E8908D /* LaunchScreen.storyboard in Resources */ = {isa = PBXBuildFile; fileRef = 83D2BA822B63EE2600E8908D /* LaunchScreen.storyboard */; };
/* End PBXBuildFile section */

/* Begin PBXFileReference section */
		0D44FFF92B66C7C600FFEF0E /* WishEventCreationViewController.swift */ = {isa = PBXFileReference; lastKnownFileType = sourcecode.swift; path = WishEventCreationViewController.swift; sourceTree = "<group>"; };
		0DE129872B656A1900F5429D /* WrittenWishCell.swift */ = {isa = PBXFileReference; lastKnownFileType = sourcecode.swift; path = WrittenWishCell.swift; sourceTree = "<group>"; };
		0DE129892B656A2900F5429D /* WishStoringViewController.swift */ = {isa = PBXFileReference; lastKnownFileType = sourcecode.swift; path = WishStoringViewController.swift; sourceTree = "<group>"; };
		0DE1298B2B656A3B00F5429D /* WishMakerViewController.swift */ = {isa = PBXFileReference; lastKnownFileType = sourcecode.swift; path = WishMakerViewController.swift; sourceTree = "<group>"; };
		0DE1298D2B656A4900F5429D /* WishEventModel.swift */ = {isa = PBXFileReference; lastKnownFileType = sourcecode.swift; path = WishEventModel.swift; sourceTree = "<group>"; };
		0DE1298F2B656A5C00F5429D /* WishEventCell.swift */ = {isa = PBXFileReference; lastKnownFileType = sourcecode.swift; path = WishEventCell.swift; sourceTree = "<group>"; };
		0DE129912B656A6F00F5429D /* WishCalendarViewController.swift */ = {isa = PBXFileReference; lastKnownFileType = sourcecode.swift; path = WishCalendarViewController.swift; sourceTree = "<group>"; };
		0DE129932B656A8A00F5429D /* UIViewPin.swift */ = {isa = PBXFileReference; lastKnownFileType = sourcecode.swift; path = UIViewPin.swift; sourceTree = "<group>"; };
		0DE129952B656A9F00F5429D /* SceneDelegate.swift */ = {isa = PBXFileReference; lastKnownFileType = sourcecode.swift; path = SceneDelegate.swift; sourceTree = "<group>"; };
		0DE129972B656AAD00F5429D /* CustomSlider.swift */ = {isa = PBXFileReference; lastKnownFileType = sourcecode.swift; path = CustomSlider.swift; sourceTree = "<group>"; };
		0DE129992B656ABC00F5429D /* Constants.swift */ = {isa = PBXFileReference; lastKnownFileType = sourcecode.swift; path = Constants.swift; sourceTree = "<group>"; };
		0DE1299D2B656D2900F5429D /* SFMono-Regular.otf */ = {isa = PBXFileReference; lastKnownFileType = file; path = "SFMono-Regular.otf"; sourceTree = "<group>"; };
		83D2BA742B63EE2100E8908D /* WishMakerApp.app */ = {isa = PBXFileReference; explicitFileType = wrapper.application; includeInIndex = 0; path = WishMakerApp.app; sourceTree = BUILT_PRODUCTS_DIR; };
		83D2BA772B63EE2100E8908D /* AppDelegate.swift */ = {isa = PBXFileReference; lastKnownFileType = sourcecode.swift; path = AppDelegate.swift; sourceTree = "<group>"; };
		83D2BA802B63EE2600E8908D /* Assets.xcassets */ = {isa = PBXFileReference; lastKnownFileType = folder.assetcatalog; path = Assets.xcassets; sourceTree = "<group>"; };
		83D2BA832B63EE2600E8908D /* Base */ = {isa = PBXFileReference; lastKnownFileType = file.storyboard; name = Base; path = Base.lproj/LaunchScreen.storyboard; sourceTree = "<group>"; };
		83D2BA852B63EE2600E8908D /* Info.plist */ = {isa = PBXFileReference; lastKnownFileType = text.plist.xml; path = Info.plist; sourceTree = "<group>"; };
/* End PBXFileReference section */

/* Begin PBXFrameworksBuildPhase section */
		83D2BA712B63EE2100E8908D /* Frameworks */ = {
			isa = PBXFrameworksBuildPhase;
			buildActionMask = 2147483647;
			files = (
			);
			runOnlyForDeploymentPostprocessing = 0;
		};
/* End PBXFrameworksBuildPhase section */

/* Begin PBXGroup section */
		0DB85F9F2B679C7B00483D80 /* Controllers */ = {
			isa = PBXGroup;
			children = (
				0DE1298B2B656A3B00F5429D /* WishMakerViewController.swift */,
				0DE129892B656A2900F5429D /* WishStoringViewController.swift */,
				0DE129912B656A6F00F5429D /* WishCalendarViewController.swift */,
				0D44FFF92B66C7C600FFEF0E /* WishEventCreationViewController.swift */,
			);
			path = Controllers;
			sourceTree = "<group>";
		};
		0DB85FA02B679CB400483D80 /* Views */ = {
			isa = PBXGroup;
			children = (
				0DE129872B656A1900F5429D /* WrittenWishCell.swift */,
				0DE1298F2B656A5C00F5429D /* WishEventCell.swift */,
				0DE129972B656AAD00F5429D /* CustomSlider.swift */,
			);
			path = Views;
			sourceTree = "<group>";
		};
		0DB85FA12B679CE100483D80 /* Models */ = {
			isa = PBXGroup;
			children = (
				0DE1298D2B656A4900F5429D /* WishEventModel.swift */,
			);
			path = Models;
			sourceTree = "<group>";
		};
		0DB85FA22B679D1F00483D80 /* Tools */ = {
			isa = PBXGroup;
			children = (
				0DE129932B656A8A00F5429D /* UIViewPin.swift */,
			);
			path = Tools;
			sourceTree = "<group>";
		};
		0DE1299B2B656B0200F5429D /* Fonts */ = {
			isa = PBXGroup;
			children = (
				0DE1299D2B656D2900F5429D /* SFMono-Regular.otf */,
			);
			path = Fonts;
			sourceTree = "<group>";
		};
		0DE1299F2B656D4A00F5429D /* Constants */ = {
			isa = PBXGroup;
			children = (
				0DE129992B656ABC00F5429D /* Constants.swift */,
			);
			path = Constants;
			sourceTree = "<group>";
		};
		83D2BA6B2B63EE2100E8908D = {
			isa = PBXGroup;
			children = (
				83D2BA762B63EE2100E8908D /* WishMakerApp */,
				83D2BA752B63EE2100E8908D /* Products */,
			);
			sourceTree = "<group>";
		};
		83D2BA752B63EE2100E8908D /* Products */ = {
			isa = PBXGroup;
			children = (
				83D2BA742B63EE2100E8908D /* WishMakerApp.app */,
			);
			name = Products;
			sourceTree = "<group>";
		};
		83D2BA762B63EE2100E8908D /* WishMakerApp */ = {
			isa = PBXGroup;
			children = (
				0DE1299B2B656B0200F5429D /* Fonts */,
				83D2BA772B63EE2100E8908D /* AppDelegate.swift */,
				0DE129952B656A9F00F5429D /* SceneDelegate.swift */,
				0DB85FA02B679CB400483D80 /* Views */,
				0DB85FA12B679CE100483D80 /* Models */,
				0DB85F9F2B679C7B00483D80 /* Controllers */,
				0DB85FA22B679D1F00483D80 /* Tools */,
				0DE1299F2B656D4A00F5429D /* Constants */,
				83D2BA802B63EE2600E8908D /* Assets.xcassets */,
				83D2BA822B63EE2600E8908D /* LaunchScreen.storyboard */,
				83D2BA852B63EE2600E8908D /* Info.plist */,
			);
			path = WishMakerApp;
			sourceTree = "<group>";
		};
/* End PBXGroup section */

/* Begin PBXNativeTarget section */
		83D2BA732B63EE2100E8908D /* WishMakerApp */ = {
			isa = PBXNativeTarget;
			buildConfigurationList = 83D2BA882B63EE2600E8908D /* Build configuration list for PBXNativeTarget "WishMakerApp" */;
			buildPhases = (
				83D2BA702B63EE2100E8908D /* Sources */,
				83D2BA712B63EE2100E8908D /* Frameworks */,
				83D2BA722B63EE2100E8908D /* Resources */,
			);
			buildRules = (
			);
			dependencies = (
			);
			name = WishMakerApp;
			productName = WishMakerApp;
			productReference = 83D2BA742B63EE2100E8908D /* WishMakerApp.app */;
			productType = "com.apple.product-type.application";
		};
/* End PBXNativeTarget section */

/* Begin PBXProject section */
		83D2BA6C2B63EE2100E8908D /* Project object */ = {
			isa = PBXProject;
			attributes = {
				BuildIndependentTargetsInParallel = 1;
				LastSwiftUpdateCheck = 1520;
				LastUpgradeCheck = 1520;
				TargetAttributes = {
					83D2BA732B63EE2100E8908D = {
						CreatedOnToolsVersion = 15.2;
					};
				};
			};
			buildConfigurationList = 83D2BA6F2B63EE2100E8908D /* Build configuration list for PBXProject "WishMakerApp" */;
			compatibilityVersion = "Xcode 14.0";
			developmentRegion = en;
			hasScannedForEncodings = 0;
			knownRegions = (
				en,
				Base,
			);
			mainGroup = 83D2BA6B2B63EE2100E8908D;
			productRefGroup = 83D2BA752B63EE2100E8908D /* Products */;
			projectDirPath = "";
			projectRoot = "";
			targets = (
				83D2BA732B63EE2100E8908D /* WishMakerApp */,
			);
		};
/* End PBXProject section */

/* Begin PBXResourcesBuildPhase section */
		83D2BA722B63EE2100E8908D /* Resources */ = {
			isa = PBXResourcesBuildPhase;
			buildActionMask = 2147483647;
			files = (
				0DE1299E2B656D2A00F5429D /* SFMono-Regular.otf in Resources */,
				83D2BA842B63EE2600E8908D /* LaunchScreen.storyboard in Resources */,
				83D2BA812B63EE2600E8908D /* Assets.xcassets in Resources */,
			);
			runOnlyForDeploymentPostprocessing = 0;
		};
/* End PBXResourcesBuildPhase section */

/* Begin PBXSourcesBuildPhase section */
		83D2BA702B63EE2100E8908D /* Sources */ = {
			isa = PBXSourcesBuildPhase;
			buildActionMask = 2147483647;
			files = (
				0DE1298A2B656A2900F5429D /* WishStoringViewController.swift in Sources */,
				0DE1299A2B656ABC00F5429D /* Constants.swift in Sources */,
				0DE129982B656AAD00F5429D /* CustomSlider.swift in Sources */,
				0D44FFFA2B66C7C600FFEF0E /* WishEventCreationViewController.swift in Sources */,
				0DE129882B656A1900F5429D /* WrittenWishCell.swift in Sources */,
				0DE129962B656A9F00F5429D /* SceneDelegate.swift in Sources */,
				0DE129942B656A8A00F5429D /* UIViewPin.swift in Sources */,
				0DE129922B656A6F00F5429D /* WishCalendarViewController.swift in Sources */,
				0DE1298C2B656A3B00F5429D /* WishMakerViewController.swift in Sources */,
				83D2BA782B63EE2100E8908D /* AppDelegate.swift in Sources */,
				0DE1298E2B656A4900F5429D /* WishEventModel.swift in Sources */,
				0DE129902B656A5C00F5429D /* WishEventCell.swift in Sources */,
			);
			runOnlyForDeploymentPostprocessing = 0;
		};
/* End PBXSourcesBuildPhase section */

/* Begin PBXVariantGroup section */
		83D2BA822B63EE2600E8908D /* LaunchScreen.storyboard */ = {
			isa = PBXVariantGroup;
			children = (
				83D2BA832B63EE2600E8908D /* Base */,
			);
			name = LaunchScreen.storyboard;
			sourceTree = "<group>";
		};
/* End PBXVariantGroup section */

/* Begin XCBuildConfiguration section */
		83D2BA862B63EE2600E8908D /* Debug */ = {
			isa = XCBuildConfiguration;
			buildSettings = {
				ALWAYS_SEARCH_USER_PATHS = NO;
				ASSETCATALOG_COMPILER_GENERATE_SWIFT_ASSET_SYMBOL_EXTENSIONS = YES;
				CLANG_ANALYZER_NONNULL = YES;
				CLANG_ANALYZER_NUMBER_OBJECT_CONVERSION = YES_AGGRESSIVE;
				CLANG_CXX_LANGUAGE_STANDARD = "gnu++20";
				CLANG_ENABLE_MODULES = YES;
				CLANG_ENABLE_OBJC_ARC = YES;
				CLANG_ENABLE_OBJC_WEAK = YES;
				CLANG_WARN_BLOCK_CAPTURE_AUTORELEASING = YES;
				CLANG_WARN_BOOL_CONVERSION = YES;
				CLANG_WARN_COMMA = YES;
				CLANG_WARN_CONSTANT_CONVERSION = YES;
				CLANG_WARN_DEPRECATED_OBJC_IMPLEMENTATIONS = YES;
				CLANG_WARN_DIRECT_OBJC_ISA_USAGE = YES_ERROR;
				CLANG_WARN_DOCUMENTATION_COMMENTS = YES;
				CLANG_WARN_EMPTY_BODY = YES;
				CLANG_WARN_ENUM_CONVERSION = YES;
				CLANG_WARN_INFINITE_RECURSION = YES;
				CLANG_WARN_INT_CONVERSION = YES;
				CLANG_WARN_NON_LITERAL_NULL_CONVERSION = YES;
				CLANG_WARN_OBJC_IMPLICIT_RETAIN_SELF = YES;
				CLANG_WARN_OBJC_LITERAL_CONVERSION = YES;
				CLANG_WARN_OBJC_ROOT_CLASS = YES_ERROR;
				CLANG_WARN_QUOTED_INCLUDE_IN_FRAMEWORK_HEADER = YES;
				CLANG_WARN_RANGE_LOOP_ANALYSIS = YES;
				CLANG_WARN_STRICT_PROTOTYPES = YES;
				CLANG_WARN_SUSPICIOUS_MOVE = YES;
				CLANG_WARN_UNGUARDED_AVAILABILITY = YES_AGGRESSIVE;
				CLANG_WARN_UNREACHABLE_CODE = YES;
				CLANG_WARN__DUPLICATE_METHOD_MATCH = YES;
				COPY_PHASE_STRIP = NO;
				DEBUG_INFORMATION_FORMAT = dwarf;
				ENABLE_STRICT_OBJC_MSGSEND = YES;
				ENABLE_TESTABILITY = YES;
				ENABLE_USER_SCRIPT_SANDBOXING = YES;
				GCC_C_LANGUAGE_STANDARD = gnu17;
				GCC_DYNAMIC_NO_PIC = NO;
				GCC_NO_COMMON_BLOCKS = YES;
				GCC_OPTIMIZATION_LEVEL = 0;
				GCC_PREPROCESSOR_DEFINITIONS = (
					"DEBUG=1",
					"$(inherited)",
				);
				GCC_WARN_64_TO_32_BIT_CONVERSION = YES;
				GCC_WARN_ABOUT_RETURN_TYPE = YES_ERROR;
				GCC_WARN_UNDECLARED_SELECTOR = YES;
				GCC_WARN_UNINITIALIZED_AUTOS = YES_AGGRESSIVE;
				GCC_WARN_UNUSED_FUNCTION = YES;
				GCC_WARN_UNUSED_VARIABLE = YES;
				IPHONEOS_DEPLOYMENT_TARGET = 17.2;
				LOCALIZATION_PREFERS_STRING_CATALOGS = YES;
				MTL_ENABLE_DEBUG_INFO = INCLUDE_SOURCE;
				MTL_FAST_MATH = YES;
				ONLY_ACTIVE_ARCH = YES;
				SDKROOT = iphoneos;
				SWIFT_ACTIVE_COMPILATION_CONDITIONS = "DEBUG $(inherited)";
				SWIFT_OPTIMIZATION_LEVEL = "-Onone";
			};
			name = Debug;
		};
		83D2BA872B63EE2600E8908D /* Release */ = {
			isa = XCBuildConfiguration;
			buildSettings = {
				ALWAYS_SEARCH_USER_PATHS = NO;
				ASSETCATALOG_COMPILER_GENERATE_SWIFT_ASSET_SYMBOL_EXTENSIONS = YES;
				CLANG_ANALYZER_NONNULL = YES;
				CLANG_ANALYZER_NUMBER_OBJECT_CONVERSION = YES_AGGRESSIVE;
				CLANG_CXX_LANGUAGE_STANDARD = "gnu++20";
				CLANG_ENABLE_MODULES = YES;
				CLANG_ENABLE_OBJC_ARC = YES;
				CLANG_ENABLE_OBJC_WEAK = YES;
				CLANG_WARN_BLOCK_CAPTURE_AUTORELEASING = YES;
				CLANG_WARN_BOOL_CONVERSION = YES;
				CLANG_WARN_COMMA = YES;
				CLANG_WARN_CONSTANT_CONVERSION = YES;
				CLANG_WARN_DEPRECATED_OBJC_IMPLEMENTATIONS = YES;
				CLANG_WARN_DIRECT_OBJC_ISA_USAGE = YES_ERROR;
				CLANG_WARN_DOCUMENTATION_COMMENTS = YES;
				CLANG_WARN_EMPTY_BODY = YES;
				CLANG_WARN_ENUM_CONVERSION = YES;
				CLANG_WARN_INFINITE_RECURSION = YES;
				CLANG_WARN_INT_CONVERSION = YES;
				CLANG_WARN_NON_LITERAL_NULL_CONVERSION = YES;
				CLANG_WARN_OBJC_IMPLICIT_RETAIN_SELF = YES;
				CLANG_WARN_OBJC_LITERAL_CONVERSION = YES;
				CLANG_WARN_OBJC_ROOT_CLASS = YES_ERROR;
				CLANG_WARN_QUOTED_INCLUDE_IN_FRAMEWORK_HEADER = YES;
				CLANG_WARN_RANGE_LOOP_ANALYSIS = YES;
				CLANG_WARN_STRICT_PROTOTYPES = YES;
				CLANG_WARN_SUSPICIOUS_MOVE = YES;
				CLANG_WARN_UNGUARDED_AVAILABILITY = YES_AGGRESSIVE;
				CLANG_WARN_UNREACHABLE_CODE = YES;
				CLANG_WARN__DUPLICATE_METHOD_MATCH = YES;
				COPY_PHASE_STRIP = NO;
				DEBUG_INFORMATION_FORMAT = "dwarf-with-dsym";
				ENABLE_NS_ASSERTIONS = NO;
				ENABLE_STRICT_OBJC_MSGSEND = YES;
				ENABLE_USER_SCRIPT_SANDBOXING = YES;
				GCC_C_LANGUAGE_STANDARD = gnu17;
				GCC_NO_COMMON_BLOCKS = YES;
				GCC_WARN_64_TO_32_BIT_CONVERSION = YES;
				GCC_WARN_ABOUT_RETURN_TYPE = YES_ERROR;
				GCC_WARN_UNDECLARED_SELECTOR = YES;
				GCC_WARN_UNINITIALIZED_AUTOS = YES_AGGRESSIVE;
				GCC_WARN_UNUSED_FUNCTION = YES;
				GCC_WARN_UNUSED_VARIABLE = YES;
				IPHONEOS_DEPLOYMENT_TARGET = 17.2;
				LOCALIZATION_PREFERS_STRING_CATALOGS = YES;
				MTL_ENABLE_DEBUG_INFO = NO;
				MTL_FAST_MATH = YES;
				SDKROOT = iphoneos;
				SWIFT_COMPILATION_MODE = wholemodule;
				VALIDATE_PRODUCT = YES;
			};
			name = Release;
		};
		83D2BA892B63EE2600E8908D /* Debug */ = {
			isa = XCBuildConfiguration;
			buildSettings = {
				ASSETCATALOG_COMPILER_APPICON_NAME = AppIcon;
				ASSETCATALOG_COMPILER_GLOBAL_ACCENT_COLOR_NAME = AccentColor;
				CODE_SIGN_STYLE = Automatic;
				CURRENT_PROJECT_VERSION = 1;
				DEVELOPMENT_TEAM = MV84AF3V6Q;
				GENERATE_INFOPLIST_FILE = YES;
				INFOPLIST_FILE = WishMakerApp/Info.plist;
				INFOPLIST_KEY_UIApplicationSupportsIndirectInputEvents = YES;
				INFOPLIST_KEY_UILaunchStoryboardName = LaunchScreen;
				INFOPLIST_KEY_UISupportedInterfaceOrientations_iPad = "UIInterfaceOrientationPortrait UIInterfaceOrientationPortraitUpsideDown UIInterfaceOrientationLandscapeLeft UIInterfaceOrientationLandscapeRight";
				INFOPLIST_KEY_UISupportedInterfaceOrientations_iPhone = "UIInterfaceOrientationPortrait UIInterfaceOrientationLandscapeLeft UIInterfaceOrientationLandscapeRight";
				LD_RUNPATH_SEARCH_PATHS = (
					"$(inherited)",
					"@executable_path/Frameworks",
				);
				MARKETING_VERSION = 1.0;
				PRODUCT_BUNDLE_IDENTIFIER = flowykk.WishMakerApp;
				PRODUCT_NAME = "$(TARGET_NAME)";
				SWIFT_EMIT_LOC_STRINGS = YES;
				SWIFT_VERSION = 5.0;
				TARGETED_DEVICE_FAMILY = "1,2";
			};
			name = Debug;
		};
		83D2BA8A2B63EE2600E8908D /* Release */ = {
			isa = XCBuildConfiguration;
			buildSettings = {
				ASSETCATALOG_COMPILER_APPICON_NAME = AppIcon;
				ASSETCATALOG_COMPILER_GLOBAL_ACCENT_COLOR_NAME = AccentColor;
				CODE_SIGN_STYLE = Automatic;
				CURRENT_PROJECT_VERSION = 1;
				DEVELOPMENT_TEAM = MV84AF3V6Q;
				GENERATE_INFOPLIST_FILE = YES;
				INFOPLIST_FILE = WishMakerApp/Info.plist;
				INFOPLIST_KEY_UIApplicationSupportsIndirectInputEvents = YES;
				INFOPLIST_KEY_UILaunchStoryboardName = LaunchScreen;
				INFOPLIST_KEY_UISupportedInterfaceOrientations_iPad = "UIInterfaceOrientationPortrait UIInterfaceOrientationPortraitUpsideDown UIInterfaceOrientationLandscapeLeft UIInterfaceOrientationLandscapeRight";
				INFOPLIST_KEY_UISupportedInterfaceOrientations_iPhone = "UIInterfaceOrientationPortrait UIInterfaceOrientationLandscapeLeft UIInterfaceOrientationLandscapeRight";
				LD_RUNPATH_SEARCH_PATHS = (
					"$(inherited)",
					"@executable_path/Frameworks",
				);
				MARKETING_VERSION = 1.0;
				PRODUCT_BUNDLE_IDENTIFIER = flowykk.WishMakerApp;
				PRODUCT_NAME = "$(TARGET_NAME)";
				SWIFT_EMIT_LOC_STRINGS = YES;
				SWIFT_VERSION = 5.0;
				TARGETED_DEVICE_FAMILY = "1,2";
			};
			name = Release;
		};
/* End XCBuildConfiguration section */

/* Begin XCConfigurationList section */
		83D2BA6F2B63EE2100E8908D /* Build configuration list for PBXProject "WishMakerApp" */ = {
			isa = XCConfigurationList;
			buildConfigurations = (
				83D2BA862B63EE2600E8908D /* Debug */,
				83D2BA872B63EE2600E8908D /* Release */,
			);
			defaultConfigurationIsVisible = 0;
			defaultConfigurationName = Release;
		};
		83D2BA882B63EE2600E8908D /* Build configuration list for PBXNativeTarget "WishMakerApp" */ = {
			isa = XCConfigurationList;
			buildConfigurations = (
				83D2BA892B63EE2600E8908D /* Debug */,
				83D2BA8A2B63EE2600E8908D /* Release */,
			);
			defaultConfigurationIsVisible = 0;
			defaultConfigurationName = Release;
		};
/* End XCConfigurationList section */
	};
	rootObject = 83D2BA6C2B63EE2100E8908D /* Project object */;
}
